
Microsoft Visual Studio Solution File, Format Version 12.00
# Visual Studio 15
VisualStudioVersion = 15.0.27703.2042
MinimumVisualStudioVersion = 10.0.40219.1
Project("{FAE04EC0-301F-11D3-BF4B-00C04F79EFBC}") = "ClippingKKModel", "ClippingKKModel\ClippingKKModel.csproj", "{0FA991E5-B51D-4D60-B149-870EEE70C7DF}"
EndProject
Global
	GlobalSection(SolutionConfigurationPlatforms) = preSolution
		Debug|Any CPU = Debug|Any CPU
		Release|Any CPU = Release|Any CPU
	EndGlobalSection
	GlobalSection(ProjectConfigurationPlatforms) = postSolution
		{0FA991E5-B51D-4D60-B149-870EEE70C7DF}.Debug|Any CPU.ActiveCfg = Debug|Any CPU
		{0FA991E5-B51D-4D60-B149-870EEE70C7DF}.Debug|Any CPU.Build.0 = Debug|Any CPU
		{0FA991E5-B51D-4D60-B149-870EEE70C7DF}.Release|Any CPU.ActiveCfg = Release|Any CPU
		{0FA991E5-B51D-4D60-B149-870EEE70C7DF}.Release|Any CPU.Build.0 = Release|Any CPU
	EndGlobalSection
	GlobalSection(SolutionProperties) = preSolution
		HideSolutionNode = FALSE
	EndGlobalSection
	GlobalSection(ExtensibilityGlobals) = postSolution
		SolutionGuid = {5DA6E7F7-8AE2-498A-AFD8-B2746460A597}
	EndGlobalSection
EndGlobal
